// !$*UTF8*$!
{
	archiveVersion = 1;
	classes = {
	};
	objectVersion = 55;
	objects = {

/* Begin PBXBuildFile section */
		1F620AEC278FC0B400DE05D7 /* 4567.txt in Resources */ = {isa = PBXBuildFile; fileRef = 1F620AEB278FC0B400DE05D7 /* 4567.txt */; };
		1F7BAC8B277C036300F62A5D /* AppDelegate.swift in Sources */ = {isa = PBXBuildFile; fileRef = 1F7BAC8A277C036300F62A5D /* AppDelegate.swift */; };
		1F7BAC8D277C036300F62A5D /* ViewController.swift in Sources */ = {isa = PBXBuildFile; fileRef = 1F7BAC8C277C036300F62A5D /* ViewController.swift */; };
		1F7BAC8F277C036600F62A5D /* Assets.xcassets in Resources */ = {isa = PBXBuildFile; fileRef = 1F7BAC8E277C036600F62A5D /* Assets.xcassets */; };
		1F7BAC92277C036600F62A5D /* Main.storyboard in Resources */ = {isa = PBXBuildFile; fileRef = 1F7BAC90277C036600F62A5D /* Main.storyboard */; };
		1F8428E8277E8955004196AE /* FontPlist.plist in Resources */ = {isa = PBXBuildFile; fileRef = 1F8428E5277E8955004196AE /* FontPlist.plist */; };
		1F8428E9277E8955004196AE /* AttributedString.swift in Sources */ = {isa = PBXBuildFile; fileRef = 1F8428E6277E8955004196AE /* AttributedString.swift */; };
		1F8428EA277E8955004196AE /* Configuration.swift in Sources */ = {isa = PBXBuildFile; fileRef = 1F8428E7277E8955004196AE /* Configuration.swift */; };
/* End PBXBuildFile section */

/* Begin PBXFileReference section */
		1F620AEB278FC0B400DE05D7 /* 4567.txt */ = {isa = PBXFileReference; fileEncoding = 4; lastKnownFileType = text; name = 4567.txt; path = ../../4567.txt; sourceTree = "<group>"; };
		1F7BAC87277C036300F62A5D /* TestTextView.app */ = {isa = PBXFileReference; explicitFileType = wrapper.application; includeInIndex = 0; path = TestTextView.app; sourceTree = BUILT_PRODUCTS_DIR; };
		1F7BAC8A277C036300F62A5D /* AppDelegate.swift */ = {isa = PBXFileReference; lastKnownFileType = sourcecode.swift; path = AppDelegate.swift; sourceTree = "<group>"; };
		1F7BAC8C277C036300F62A5D /* ViewController.swift */ = {isa = PBXFileReference; lastKnownFileType = sourcecode.swift; path = ViewController.swift; sourceTree = "<group>"; };
		1F7BAC8E277C036600F62A5D /* Assets.xcassets */ = {isa = PBXFileReference; lastKnownFileType = folder.assetcatalog; path = Assets.xcassets; sourceTree = "<group>"; };
		1F7BAC91277C036600F62A5D /* Base */ = {isa = PBXFileReference; lastKnownFileType = file.storyboard; name = Base; path = Base.lproj/Main.storyboard; sourceTree = "<group>"; };
		1F7BAC93277C036600F62A5D /* TestTextView.entitlements */ = {isa = PBXFileReference; lastKnownFileType = text.plist.entitlements; path = TestTextView.entitlements; sourceTree = "<group>"; };
		1F8428E5277E8955004196AE /* FontPlist.plist */ = {isa = PBXFileReference; fileEncoding = 4; lastKnownFileType = text.plist.xml; path = FontPlist.plist; sourceTree = "<group>"; };
		1F8428E6277E8955004196AE /* AttributedString.swift */ = {isa = PBXFileReference; fileEncoding = 4; lastKnownFileType = sourcecode.swift; path = AttributedString.swift; sourceTree = "<group>"; };
		1F8428E7277E8955004196AE /* Configuration.swift */ = {isa = PBXFileReference; fileEncoding = 4; lastKnownFileType = sourcecode.swift; path = Configuration.swift; sourceTree = "<group>"; };
/* End PBXFileReference section */

/* Begin PBXFrameworksBuildPhase section */
		1F7BAC84277C036300F62A5D /* Frameworks */ = {
			isa = PBXFrameworksBuildPhase;
			buildActionMask = 2147483647;
			files = (
			);
			runOnlyForDeploymentPostprocessing = 0;
		};
/* End PBXFrameworksBuildPhase section */

/* Begin PBXGroup section */
		1F7BAC7E277C036300F62A5D = {
			isa = PBXGroup;
			children = (
				1F7BAC89277C036300F62A5D /* TestTextView */,
				1F7BAC88277C036300F62A5D /* Products */,
			);
			sourceTree = "<group>";
		};
		1F7BAC88277C036300F62A5D /* Products */ = {
			isa = PBXGroup;
			children = (
				1F7BAC87277C036300F62A5D /* TestTextView.app */,
			);
			name = Products;
			sourceTree = "<group>";
		};
		1F7BAC89277C036300F62A5D /* TestTextView */ = {
			isa = PBXGroup;
			children = (
				1F7BAC8A277C036300F62A5D /* AppDelegate.swift */,
				1F7BAC8C277C036300F62A5D /* ViewController.swift */,
				1F8428E6277E8955004196AE /* AttributedString.swift */,
				1F8428E7277E8955004196AE /* Configuration.swift */,
				1F620AEB278FC0B400DE05D7 /* 4567.txt */,
				1F8428E5277E8955004196AE /* FontPlist.plist */,
				1F7BAC8E277C036600F62A5D /* Assets.xcassets */,
				1F7BAC90277C036600F62A5D /* Main.storyboard */,
				1F7BAC93277C036600F62A5D /* TestTextView.entitlements */,
			);
			path = TestTextView;
			sourceTree = "<group>";
		};
/* End PBXGroup section */

/* Begin PBXNativeTarget section */
		1F7BAC86277C036300F62A5D /* TestTextView */ = {
			isa = PBXNativeTarget;
			buildConfigurationList = 1F7BAC96277C036600F62A5D /* Build configuration list for PBXNativeTarget "TestTextView" */;
			buildPhases = (
				1F7BAC83277C036300F62A5D /* Sources */,
				1F7BAC84277C036300F62A5D /* Frameworks */,
				1F7BAC85277C036300F62A5D /* Resources */,
			);
			buildRules = (
			);
			dependencies = (
			);
			name = TestTextView;
			productName = TestTextView;
			productReference = 1F7BAC87277C036300F62A5D /* TestTextView.app */;
			productType = "com.apple.product-type.application";
		};
/* End PBXNativeTarget section */

/* Begin PBXProject section */
		1F7BAC7F277C036300F62A5D /* Project object */ = {
			isa = PBXProject;
			attributes = {
				BuildIndependentTargetsInParallel = 1;
				LastSwiftUpdateCheck = 1320;
				LastUpgradeCheck = 1320;
				TargetAttributes = {
					1F7BAC86277C036300F62A5D = {
						CreatedOnToolsVersion = 13.2.1;
					};
				};
			};
			buildConfigurationList = 1F7BAC82277C036300F62A5D /* Build configuration list for PBXProject "TestTextView" */;
			compatibilityVersion = "Xcode 13.0";
			developmentRegion = en;
			hasScannedForEncodings = 0;
			knownRegions = (
				en,
				Base,
			);
			mainGroup = 1F7BAC7E277C036300F62A5D;
			productRefGroup = 1F7BAC88277C036300F62A5D /* Products */;
			projectDirPath = "";
			projectRoot = "";
			targets = (
				1F7BAC86277C036300F62A5D /* TestTextView */,
			);
		};
/* End PBXProject section */

/* Begin PBXResourcesBuildPhase section */
		1F7BAC85277C036300F62A5D /* Resources */ = {
			isa = PBXResourcesBuildPhase;
			buildActionMask = 2147483647;
			files = (
				1F620AEC278FC0B400DE05D7 /* 4567.txt in Resources */,
				1F8428E8277E8955004196AE /* FontPlist.plist in Resources */,
				1F7BAC8F277C036600F62A5D /* Assets.xcassets in Resources */,
				1F7BAC92277C036600F62A5D /* Main.storyboard in Resources */,
			);
			runOnlyForDeploymentPostprocessing = 0;
		};
/* End PBXResourcesBuildPhase section */

/* Begin PBXSourcesBuildPhase section */
		1F7BAC83277C036300F62A5D /* Sources */ = {
			isa = PBXSourcesBuildPhase;
			buildActionMask = 2147483647;
			files = (
				1F8428E9277E8955004196AE /* AttributedString.swift in Sources */,
				1F7BAC8D277C036300F62A5D /* ViewController.swift in Sources */,
				1F8428EA277E8955004196AE /* Configuration.swift in Sources */,
				1F7BAC8B277C036300F62A5D /* AppDelegate.swift in Sources */,
			);
			runOnlyForDeploymentPostprocessing = 0;
		};
/* End PBXSourcesBuildPhase section */

/* Begin PBXVariantGroup section */
		1F7BAC90277C036600F62A5D /* Main.storyboard */ = {
			isa = PBXVariantGroup;
			children = (
				1F7BAC91277C036600F62A5D /* Base */,
			);
			name = Main.storyboard;
			sourceTree = "<group>";
		};
/* End PBXVariantGroup section */

/* Begin XCBuildConfiguration section */
		1F7BAC94277C036600F62A5D /* Debug */ = {
			isa = XCBuildConfiguration;
			buildSettings = {
				ALWAYS_SEARCH_USER_PATHS = NO;
				CLANG_ANALYZER_NONNULL = YES;
				CLANG_ANALYZER_NUMBER_OBJECT_CONVERSION = YES_AGGRESSIVE;
				CLANG_CXX_LANGUAGE_STANDARD = "gnu++17";
				CLANG_CXX_LIBRARY = "libc++";
				CLANG_ENABLE_MODULES = YES;
				CLANG_ENABLE_OBJC_ARC = YES;
				CLANG_ENABLE_OBJC_WEAK = YES;
				CLANG_WARN_BLOCK_CAPTURE_AUTORELEASING = YES;
				CLANG_WARN_BOOL_CONVERSION = YES;
				CLANG_WARN_COMMA = YES;
				CLANG_WARN_CONSTANT_CONVERSION = YES;
				CLANG_WARN_DEPRECATED_OBJC_IMPLEMENTATIONS = YES;
				CLANG_WARN_DIRECT_OBJC_ISA_USAGE = YES_ERROR;
				CLANG_WARN_DOCUMENTATION_COMMENTS = YES;
				CLANG_WARN_EMPTY_BODY = YES;
				CLANG_WARN_ENUM_CONVERSION = YES;
				CLANG_WARN_INFINITE_RECURSION = YES;
				CLANG_WARN_INT_CONVERSION = YES;
				CLANG_WARN_NON_LITERAL_NULL_CONVERSION = YES;
				CLANG_WARN_OBJC_IMPLICIT_RETAIN_SELF = YES;
				CLANG_WARN_OBJC_LITERAL_CONVERSION = YES;
				CLANG_WARN_OBJC_ROOT_CLASS = YES_ERROR;
				CLANG_WARN_QUOTED_INCLUDE_IN_FRAMEWORK_HEADER = YES;
				CLANG_WARN_RANGE_LOOP_ANALYSIS = YES;
				CLANG_WARN_STRICT_PROTOTYPES = YES;
				CLANG_WARN_SUSPICIOUS_MOVE = YES;
				CLANG_WARN_UNGUARDED_AVAILABILITY = YES_AGGRESSIVE;
				CLANG_WARN_UNREACHABLE_CODE = YES;
				CLANG_WARN__DUPLICATE_METHOD_MATCH = YES;
				COPY_PHASE_STRIP = NO;
				DEBUG_INFORMATION_FORMAT = dwarf;
				ENABLE_STRICT_OBJC_MSGSEND = YES;
				ENABLE_TESTABILITY = YES;
				GCC_C_LANGUAGE_STANDARD = gnu11;
				GCC_DYNAMIC_NO_PIC = NO;
				GCC_NO_COMMON_BLOCKS = YES;
				GCC_OPTIMIZATION_LEVEL = 0;
				GCC_PREPROCESSOR_DEFINITIONS = (
					"DEBUG=1",
					"$(inherited)",
				);
				GCC_WARN_64_TO_32_BIT_CONVERSION = YES;
				GCC_WARN_ABOUT_RETURN_TYPE = YES_ERROR;
				GCC_WARN_UNDECLARED_SELECTOR = YES;
				GCC_WARN_UNINITIALIZED_AUTOS = YES_AGGRESSIVE;
				GCC_WARN_UNUSED_FUNCTION = YES;
				GCC_WARN_UNUSED_VARIABLE = YES;
				MACOSX_DEPLOYMENT_TARGET = 12.1;
				MTL_ENABLE_DEBUG_INFO = INCLUDE_SOURCE;
				MTL_FAST_MATH = YES;
				ONLY_ACTIVE_ARCH = YES;
				SDKROOT = macosx;
				SWIFT_ACTIVE_COMPILATION_CONDITIONS = DEBUG;
				SWIFT_OPTIMIZATION_LEVEL = "-Onone";
			};
			name = Debug;
		};
		1F7BAC95277C036600F62A5D /* Release */ = {
			isa = XCBuildConfiguration;
			buildSettings = {
				ALWAYS_SEARCH_USER_PATHS = NO;
				CLANG_ANALYZER_NONNULL = YES;
				CLANG_ANALYZER_NUMBER_OBJECT_CONVERSION = YES_AGGRESSIVE;
				CLANG_CXX_LANGUAGE_STANDARD = "gnu++17";
				CLANG_CXX_LIBRARY = "libc++";
				CLANG_ENABLE_MODULES = YES;
				CLANG_ENABLE_OBJC_ARC = YES;
				CLANG_ENABLE_OBJC_WEAK = YES;
				CLANG_WARN_BLOCK_CAPTURE_AUTORELEASING = YES;
				CLANG_WARN_BOOL_CONVERSION = YES;
				CLANG_WARN_COMMA = YES;
				CLANG_WARN_CONSTANT_CONVERSION = YES;
				CLANG_WARN_DEPRECATED_OBJC_IMPLEMENTATIONS = YES;
				CLANG_WARN_DIRECT_OBJC_ISA_USAGE = YES_ERROR;
				CLANG_WARN_DOCUMENTATION_COMMENTS = YES;
				CLANG_WARN_EMPTY_BODY = YES;
				CLANG_WARN_ENUM_CONVERSION = YES;
				CLANG_WARN_INFINITE_RECURSION = YES;
				CLANG_WARN_INT_CONVERSION = YES;
				CLANG_WARN_NON_LITERAL_NULL_CONVERSION = YES;
				CLANG_WARN_OBJC_IMPLICIT_RETAIN_SELF = YES;
				CLANG_WARN_OBJC_LITERAL_CONVERSION = YES;
				CLANG_WARN_OBJC_ROOT_CLASS = YES_ERROR;
				CLANG_WARN_QUOTED_INCLUDE_IN_FRAMEWORK_HEADER = YES;
				CLANG_WARN_RANGE_LOOP_ANALYSIS = YES;
				CLANG_WARN_STRICT_PROTOTYPES = YES;
				CLANG_WARN_SUSPICIOUS_MOVE = YES;
				CLANG_WARN_UNGUARDED_AVAILABILITY = YES_AGGRESSIVE;
				CLANG_WARN_UNREACHABLE_CODE = YES;
				CLANG_WARN__DUPLICATE_METHOD_MATCH = YES;
				COPY_PHASE_STRIP = NO;
				DEBUG_INFORMATION_FORMAT = "dwarf-with-dsym";
				ENABLE_NS_ASSERTIONS = NO;
				ENABLE_STRICT_OBJC_MSGSEND = YES;
				GCC_C_LANGUAGE_STANDARD = gnu11;
				GCC_NO_COMMON_BLOCKS = YES;
				GCC_WARN_64_TO_32_BIT_CONVERSION = YES;
				GCC_WARN_ABOUT_RETURN_TYPE = YES_ERROR;
				GCC_WARN_UNDECLARED_SELECTOR = YES;
				GCC_WARN_UNINITIALIZED_AUTOS = YES_AGGRESSIVE;
				GCC_WARN_UNUSED_FUNCTION = YES;
				GCC_WARN_UNUSED_VARIABLE = YES;
				MACOSX_DEPLOYMENT_TARGET = 12.1;
				MTL_ENABLE_DEBUG_INFO = NO;
				MTL_FAST_MATH = YES;
				SDKROOT = macosx;
				SWIFT_COMPILATION_MODE = wholemodule;
				SWIFT_OPTIMIZATION_LEVEL = "-O";
			};
			name = Release;
		};
		1F7BAC97277C036600F62A5D /* Debug */ = {
			isa = XCBuildConfiguration;
			buildSettings = {
				ASSETCATALOG_COMPILER_APPICON_NAME = AppIcon;
				ASSETCATALOG_COMPILER_GLOBAL_ACCENT_COLOR_NAME = AccentColor;
				CODE_SIGN_ENTITLEMENTS = TestTextView/TestTextView.entitlements;
				CODE_SIGN_STYLE = Automatic;
				COMBINE_HIDPI_IMAGES = YES;
				CURRENT_PROJECT_VERSION = 1;
				DEVELOPMENT_TEAM = NNNMT65HXG;
				ENABLE_HARDENED_RUNTIME = YES;
				GENERATE_INFOPLIST_FILE = YES;
				INFOPLIST_KEY_NSHumanReadableCopyright = "";
				INFOPLIST_KEY_NSMainStoryboardFile = Main;
				INFOPLIST_KEY_NSPrincipalClass = NSApplication;
				LD_RUNPATH_SEARCH_PATHS = (
					"$(inherited)",
					"@executable_path/../Frameworks",
				);
				MARKETING_VERSION = 1.0;
				PRODUCT_BUNDLE_IDENTIFIER = jianyi.chen.TestTextView;
				PRODUCT_NAME = "$(TARGET_NAME)";
				SWIFT_EMIT_LOC_STRINGS = YES;
				SWIFT_VERSION = 5.0;
			};
			name = Debug;
		};
		1F7BAC98277C036600F62A5D /* Release */ = {
			isa = XCBuildConfiguration;
			buildSettings = {
				ASSETCATALOG_COMPILER_APPICON_NAME = AppIcon;
				ASSETCATALOG_COMPILER_GLOBAL_ACCENT_COLOR_NAME = AccentColor;
				CODE_SIGN_ENTITLEMENTS = TestTextView/TestTextView.entitlements;
				CODE_SIGN_STYLE = Automatic;
				COMBINE_HIDPI_IMAGES = YES;
				CURRENT_PROJECT_VERSION = 1;
				DEVELOPMENT_TEAM = NNNMT65HXG;
				ENABLE_HARDENED_RUNTIME = YES;
				GENERATE_INFOPLIST_FILE = YES;
				INFOPLIST_KEY_NSHumanReadableCopyright = "";
				INFOPLIST_KEY_NSMainStoryboardFile = Main;
				INFOPLIST_KEY_NSPrincipalClass = NSApplication;
				LD_RUNPATH_SEARCH_PATHS = (
					"$(inherited)",
					"@executable_path/../Frameworks",
				);
				MARKETING_VERSION = 1.0;
				PRODUCT_BUNDLE_IDENTIFIER = jianyi.chen.TestTextView;
				PRODUCT_NAME = "$(TARGET_NAME)";
				SWIFT_EMIT_LOC_STRINGS = YES;
				SWIFT_VERSION = 5.0;
			};
			name = Release;
		};
/* End XCBuildConfiguration section */

/* Begin XCConfigurationList section */
		1F7BAC82277C036300F62A5D /* Build configuration list for PBXProject "TestTextView" */ = {
			isa = XCConfigurationList;
			buildConfigurations = (
				1F7BAC94277C036600F62A5D /* Debug */,
				1F7BAC95277C036600F62A5D /* Release */,
			);
			defaultConfigurationIsVisible = 0;
			defaultConfigurationName = Release;
		};
		1F7BAC96277C036600F62A5D /* Build configuration list for PBXNativeTarget "TestTextView" */ = {
			isa = XCConfigurationList;
			buildConfigurations = (
				1F7BAC97277C036600F62A5D /* Debug */,
				1F7BAC98277C036600F62A5D /* Release */,
			);
			defaultConfigurationIsVisible = 0;
			defaultConfigurationName = Release;
		};
/* End XCConfigurationList section */
	};
	rootObject = 1F7BAC7F277C036300F62A5D /* Project object */;
}
